
Microsoft Visual Studio Solution File, Format Version 12.00
# Visual Studio 15
VisualStudioVersion = 15.0.28307.779
MinimumVisualStudioVersion = 10.0.40219.1
Project("{F184B08F-C81C-45F6-A57F-5ABD9991F28F}") = "AssignmentCase_Study", "AssignmentCase_Study\AssignmentCase_Study.vbproj", "{A3268E27-450E-4BD6-AF65-E1AA05C11642}"
EndProject
Global
	GlobalSection(SolutionConfigurationPlatforms) = preSolution
		Debug|Any CPU = Debug|Any CPU
		Release|Any CPU = Release|Any CPU
	EndGlobalSection
	GlobalSection(ProjectConfigurationPlatforms) = postSolution
		{A3268E27-450E-4BD6-AF65-E1AA05C11642}.Debug|Any CPU.ActiveCfg = Debug|Any CPU
		{A3268E27-450E-4BD6-AF65-E1AA05C11642}.Debug|Any CPU.Build.0 = Debug|Any CPU
		{A3268E27-450E-4BD6-AF65-E1AA05C11642}.Release|Any CPU.ActiveCfg = Release|Any CPU
		{A3268E27-450E-4BD6-AF65-E1AA05C11642}.Release|Any CPU.Build.0 = Release|Any CPU
	EndGlobalSection
	GlobalSection(SolutionProperties) = preSolution
		HideSolutionNode = FALSE
	EndGlobalSection
	GlobalSection(ExtensibilityGlobals) = postSolution
		SolutionGuid = {B3CDE36A-F473-4C54-AA79-FCB793771416}
	EndGlobalSection
EndGlobal
